<?xml version="1.0" encoding="UTF-8" standalone="yes" ?>
<CodeBlocks_project_file>
	<FileVersion major="1" minor="6" />
	<Project>
		<Option title="Alakajam" />
		<Option pch_mode="2" />
		<Option compiler="gcc" />
		<Build>
			<Target title="Debug">
				<Option output="bin/Debug/Alakajam" prefix_auto="1" extension_auto="1" />
				<Option object_output="obj/Debug/" />
				<Option type="1" />
				<Option compiler="gcc" />
				<Compiler>
					<Add option="-std=c++11" />
					<Add option="-g" />
					<Add directory="include" />
					<Add directory="C:/Users/joaki/OneDrive/Documents/GameJam/Projet/Alakajam/" />
					<Add directory="src/Tile" />
					<Add directory="C:/Users/joaki/OneDrive/Documents/Projets/SDL_Engine/" />
				</Compiler>
			</Target>
		</Build>
		<Compiler>
			<Add option="-Wall" />
			<Add directory="$(#sdl2.include)/SDL2" />
		</Compiler>
		<Linker>
			<Add library="mingw32" />
			<Add library="SDL2main" />
			<Add library="SDL2.dll" />
			<Add library="SDL2_image" />
			<Add library="SDL2_ttf" />
			<Add library="SDL2_mixer" />
			<Add library="user32" />
			<Add library="gdi32" />
			<Add library="winmm" />
			<Add library="dxguid" />
			<Add directory="$(#sdl2.lib)" />
		</Linker>
		<ExtraCommands>
			<Add after="XCOPY $(#sdl2)\bin\*.dll $(TARGET_OUTPUT_DIR) /D /Y" />
		</ExtraCommands>
		<Unit filename="main.cpp" />
		<Unit filename="src/SDL/Input.cpp" />
		<Unit filename="src/SDL/Input.h" />
		<Unit filename="src/SDL/SDL_Motor.cpp" />
		<Unit filename="src/SDL/SDL_Motor.h" />
		<Unit filename="src/SDL/Scene.cpp" />
		<Unit filename="src/SDL/Scene.h" />
		<Unit filename="src/SDL/SceneManager.cpp" />
		<Unit filename="src/SDL/SceneManager.h" />
		<Unit filename="src/SDL/Sprite.cpp" />
		<Unit filename="src/SDL/Sprite.h" />
		<Unit filename="src/SDL/TextureManager.cpp" />
		<Unit filename="src/SDL/TextureManager.h" />
		<Unit filename="src/SDL/Window.cpp" />
		<Unit filename="src/SDL/Window.h" />
		<Unit filename="src/Static/toolbox.cpp" />
		<Unit filename="src/Static/toolbox.h" />
		<Extensions>
			<lib_finder disable_auto="1" />
			<code_completion />
			<envvars />
			<debugger />
		</Extensions>
	</Project>
</CodeBlocks_project_file>
